
Microsoft Visual Studio Solution File, Format Version 12.00
# Visual Studio Version 17
VisualStudioVersion = 17.5.002.0
MinimumVisualStudioVersion = 10.0.40219.1
Project("{2150E333-8FDC-42A3-9474-1A3956D46DE8}") = "prepare", "prepare", "{AAE746B1-FF6A-46A6-84F5-B1EF8836453E}"
EndProject
Project("{9A19103F-16F7-4668-BE54-9A1E7A4F7556}") = "Learning02", "prepare\Learning02\Learning02.csproj", "{8AF81A43-F6C6-4D2A-9F7C-0C592DBBE41B}"
EndProject
Project("{9A19103F-16F7-4668-BE54-9A1E7A4F7556}") = "Learning05", "prepare\Learning05\Learning05.csproj", "{AECF260B-F3F3-414C-A60A-2988FCD628C7}"
EndProject
Project("{9A19103F-16F7-4668-BE54-9A1E7A4F7556}") = "Learning04", "prepare\Learning04\Learning04.csproj", "{5F652BD8-69B5-41EB-A9ED-E397BCFBA173}"
EndProject
Project("{9A19103F-16F7-4668-BE54-9A1E7A4F7556}") = "Learning03", "prepare\Learning03\Learning03.csproj", "{BD85123B-0980-48C7-8A96-BD1DAAE329C7}"
EndProject
Project("{2150E333-8FDC-42A3-9474-1A3956D46DE8}") = "prove", "prove", "{0870AFA8-1B1E-4F33-B854-D51210BDFB4A}"
EndProject
Project("{9A19103F-16F7-4668-BE54-9A1E7A4F7556}") = "Develop03", "prove\Develop03\Develop03.csproj", "{80136CE9-3A57-4013-966E-C048F3012800}"
EndProject
Project("{9A19103F-16F7-4668-BE54-9A1E7A4F7556}") = "Develop04", "prove\Develop04\Develop04.csproj", "{08811065-CD36-45E5-81E2-2D2CA62D5F56}"
EndProject
Project("{9A19103F-16F7-4668-BE54-9A1E7A4F7556}") = "Develop05", "prove\Develop05\Develop05.csproj", "{C19E0110-3AB7-4F1B-9D10-7C22AB7C0CF0}"
EndProject
Project("{9A19103F-16F7-4668-BE54-9A1E7A4F7556}") = "Develop02", "prove\Develop02\Develop02.csproj", "{C9482A96-6042-46BA-BC56-E2B53F58F17B}"
EndProject
Project("{2150E333-8FDC-42A3-9474-1A3956D46DE8}") = "sandbox", "sandbox", "{994D18F4-E97C-42EB-9156-16CD42D47856}"
EndProject
Project("{9A19103F-16F7-4668-BE54-9A1E7A4F7556}") = "Sandbox", "sandbox\Sandbox\Sandbox.csproj", "{BBF880F9-7AAC-4397-A6A0-C80CEF030EB7}"
EndProject
Project("{2150E333-8FDC-42A3-9474-1A3956D46DE8}") = "final", "final", "{83FA2A3F-DB18-4406-AEB9-1A1FF798A9ED}"
EndProject
Project("{9A19103F-16F7-4668-BE54-9A1E7A4F7556}") = "FinalProject", "final\FinalProject\FinalProject.csproj", "{A5970E9F-0DAB-4C5B-9DF3-6FBA76630C14}"
EndProject
Project("{9A19103F-16F7-4668-BE54-9A1E7A4F7556}") = "Foundation1", "final\Foundation1\Foundation1.csproj", "{7702DF41-9713-4857-9205-E7637CEE3194}"
EndProject
Project("{9A19103F-16F7-4668-BE54-9A1E7A4F7556}") = "Foundation4", "final\Foundation4\Foundation4.csproj", "{45B223DD-C7DB-4A14-B479-233BB2A174CE}"
EndProject
Project("{9A19103F-16F7-4668-BE54-9A1E7A4F7556}") = "Foundation3", "final\Foundation3\Foundation3.csproj", "{318632E8-AC86-4AA2-9C0B-262ACBFFE735}"
EndProject
Project("{9A19103F-16F7-4668-BE54-9A1E7A4F7556}") = "Foundation2", "final\Foundation2\Foundation2.csproj", "{5CBCB066-2A3E-49C8-AA35-DBF442A3D5D8}"
EndProject
Project("{2150E333-8FDC-42A3-9474-1A3956D46DE8}") = "csharp-prep", "csharp-prep", "{704C10FE-12FB-409E-810C-C3EECF008C8F}"
EndProject
Project("{9A19103F-16F7-4668-BE54-9A1E7A4F7556}") = "Prep1", "csharp-prep\Prep1\Prep1.csproj", "{7FD1B664-8835-411D-A763-A1FC7CD84F95}"
EndProject
Project("{9A19103F-16F7-4668-BE54-9A1E7A4F7556}") = "Prep5", "csharp-prep\Prep5\Prep5.csproj", "{922E0192-DBF0-4E49-B53F-82451CDDD827}"
EndProject
Project("{9A19103F-16F7-4668-BE54-9A1E7A4F7556}") = "Prep2", "csharp-prep\Prep2\Prep2.csproj", "{FC123E7E-AA3E-438A-84BE-FF6A02B0D171}"
EndProject
Project("{9A19103F-16F7-4668-BE54-9A1E7A4F7556}") = "Prep3", "csharp-prep\Prep3\Prep3.csproj", "{69D245F2-846D-4963-B521-165C06A13C71}"
EndProject
Project("{9A19103F-16F7-4668-BE54-9A1E7A4F7556}") = "Prep4", "csharp-prep\Prep4\Prep4.csproj", "{948B4729-D273-4B8E-BA16-33BA6E58EE38}"
EndProject
Global
	GlobalSection(SolutionConfigurationPlatforms) = preSolution
		Debug|Any CPU = Debug|Any CPU
		Release|Any CPU = Release|Any CPU
	EndGlobalSection
	GlobalSection(ProjectConfigurationPlatforms) = postSolution
		{8AF81A43-F6C6-4D2A-9F7C-0C592DBBE41B}.Debug|Any CPU.ActiveCfg = Debug|Any CPU
		{8AF81A43-F6C6-4D2A-9F7C-0C592DBBE41B}.Debug|Any CPU.Build.0 = Debug|Any CPU
		{8AF81A43-F6C6-4D2A-9F7C-0C592DBBE41B}.Release|Any CPU.ActiveCfg = Release|Any CPU
		{8AF81A43-F6C6-4D2A-9F7C-0C592DBBE41B}.Release|Any CPU.Build.0 = Release|Any CPU
		{AECF260B-F3F3-414C-A60A-2988FCD628C7}.Debug|Any CPU.ActiveCfg = Debug|Any CPU
		{AECF260B-F3F3-414C-A60A-2988FCD628C7}.Debug|Any CPU.Build.0 = Debug|Any CPU
		{AECF260B-F3F3-414C-A60A-2988FCD628C7}.Release|Any CPU.ActiveCfg = Release|Any CPU
		{AECF260B-F3F3-414C-A60A-2988FCD628C7}.Release|Any CPU.Build.0 = Release|Any CPU
		{5F652BD8-69B5-41EB-A9ED-E397BCFBA173}.Debug|Any CPU.ActiveCfg = Debug|Any CPU
		{5F652BD8-69B5-41EB-A9ED-E397BCFBA173}.Debug|Any CPU.Build.0 = Debug|Any CPU
		{5F652BD8-69B5-41EB-A9ED-E397BCFBA173}.Release|Any CPU.ActiveCfg = Release|Any CPU
		{5F652BD8-69B5-41EB-A9ED-E397BCFBA173}.Release|Any CPU.Build.0 = Release|Any CPU
		{BD85123B-0980-48C7-8A96-BD1DAAE329C7}.Debug|Any CPU.ActiveCfg = Debug|Any CPU
		{BD85123B-0980-48C7-8A96-BD1DAAE329C7}.Debug|Any CPU.Build.0 = Debug|Any CPU
		{BD85123B-0980-48C7-8A96-BD1DAAE329C7}.Release|Any CPU.ActiveCfg = Release|Any CPU
		{BD85123B-0980-48C7-8A96-BD1DAAE329C7}.Release|Any CPU.Build.0 = Release|Any CPU
		{80136CE9-3A57-4013-966E-C048F3012800}.Debug|Any CPU.ActiveCfg = Debug|Any CPU
		{80136CE9-3A57-4013-966E-C048F3012800}.Debug|Any CPU.Build.0 = Debug|Any CPU
		{80136CE9-3A57-4013-966E-C048F3012800}.Release|Any CPU.ActiveCfg = Release|Any CPU
		{80136CE9-3A57-4013-966E-C048F3012800}.Release|Any CPU.Build.0 = Release|Any CPU
		{08811065-CD36-45E5-81E2-2D2CA62D5F56}.Debug|Any CPU.ActiveCfg = Debug|Any CPU
		{08811065-CD36-45E5-81E2-2D2CA62D5F56}.Debug|Any CPU.Build.0 = Debug|Any CPU
		{08811065-CD36-45E5-81E2-2D2CA62D5F56}.Release|Any CPU.ActiveCfg = Release|Any CPU
		{08811065-CD36-45E5-81E2-2D2CA62D5F56}.Release|Any CPU.Build.0 = Release|Any CPU
		{C19E0110-3AB7-4F1B-9D10-7C22AB7C0CF0}.Debug|Any CPU.ActiveCfg = Debug|Any CPU
		{C19E0110-3AB7-4F1B-9D10-7C22AB7C0CF0}.Debug|Any CPU.Build.0 = Debug|Any CPU
		{C19E0110-3AB7-4F1B-9D10-7C22AB7C0CF0}.Release|Any CPU.ActiveCfg = Release|Any CPU
		{C19E0110-3AB7-4F1B-9D10-7C22AB7C0CF0}.Release|Any CPU.Build.0 = Release|Any CPU
		{C9482A96-6042-46BA-BC56-E2B53F58F17B}.Debug|Any CPU.ActiveCfg = Debug|Any CPU
		{C9482A96-6042-46BA-BC56-E2B53F58F17B}.Debug|Any CPU.Build.0 = Debug|Any CPU
		{C9482A96-6042-46BA-BC56-E2B53F58F17B}.Release|Any CPU.ActiveCfg = Release|Any CPU
		{C9482A96-6042-46BA-BC56-E2B53F58F17B}.Release|Any CPU.Build.0 = Release|Any CPU
		{BBF880F9-7AAC-4397-A6A0-C80CEF030EB7}.Debug|Any CPU.ActiveCfg = Debug|Any CPU
		{BBF880F9-7AAC-4397-A6A0-C80CEF030EB7}.Debug|Any CPU.Build.0 = Debug|Any CPU
		{BBF880F9-7AAC-4397-A6A0-C80CEF030EB7}.Release|Any CPU.ActiveCfg = Release|Any CPU
		{BBF880F9-7AAC-4397-A6A0-C80CEF030EB7}.Release|Any CPU.Build.0 = Release|Any CPU
		{A5970E9F-0DAB-4C5B-9DF3-6FBA76630C14}.Debug|Any CPU.ActiveCfg = Debug|Any CPU
		{A5970E9F-0DAB-4C5B-9DF3-6FBA76630C14}.Debug|Any CPU.Build.0 = Debug|Any CPU
		{A5970E9F-0DAB-4C5B-9DF3-6FBA76630C14}.Release|Any CPU.ActiveCfg = Release|Any CPU
		{A5970E9F-0DAB-4C5B-9DF3-6FBA76630C14}.Release|Any CPU.Build.0 = Release|Any CPU
		{7702DF41-9713-4857-9205-E7637CEE3194}.Debug|Any CPU.ActiveCfg = Debug|Any CPU
		{7702DF41-9713-4857-9205-E7637CEE3194}.Debug|Any CPU.Build.0 = Debug|Any CPU
		{7702DF41-9713-4857-9205-E7637CEE3194}.Release|Any CPU.ActiveCfg = Release|Any CPU
		{7702DF41-9713-4857-9205-E7637CEE3194}.Release|Any CPU.Build.0 = Release|Any CPU
		{45B223DD-C7DB-4A14-B479-233BB2A174CE}.Debug|Any CPU.ActiveCfg = Debug|Any CPU
		{45B223DD-C7DB-4A14-B479-233BB2A174CE}.Debug|Any CPU.Build.0 = Debug|Any CPU
		{45B223DD-C7DB-4A14-B479-233BB2A174CE}.Release|Any CPU.ActiveCfg = Release|Any CPU
		{45B223DD-C7DB-4A14-B479-233BB2A174CE}.Release|Any CPU.Build.0 = Release|Any CPU
		{318632E8-AC86-4AA2-9C0B-262ACBFFE735}.Debug|Any CPU.ActiveCfg = Debug|Any CPU
		{318632E8-AC86-4AA2-9C0B-262ACBFFE735}.Debug|Any CPU.Build.0 = Debug|Any CPU
		{318632E8-AC86-4AA2-9C0B-262ACBFFE735}.Release|Any CPU.ActiveCfg = Release|Any CPU
		{318632E8-AC86-4AA2-9C0B-262ACBFFE735}.Release|Any CPU.Build.0 = Release|Any CPU
		{5CBCB066-2A3E-49C8-AA35-DBF442A3D5D8}.Debug|Any CPU.ActiveCfg = Debug|Any CPU
		{5CBCB066-2A3E-49C8-AA35-DBF442A3D5D8}.Debug|Any CPU.Build.0 = Debug|Any CPU
		{5CBCB066-2A3E-49C8-AA35-DBF442A3D5D8}.Release|Any CPU.ActiveCfg = Release|Any CPU
		{5CBCB066-2A3E-49C8-AA35-DBF442A3D5D8}.Release|Any CPU.Build.0 = Release|Any CPU
		{7FD1B664-8835-411D-A763-A1FC7CD84F95}.Debug|Any CPU.ActiveCfg = Debug|Any CPU
		{7FD1B664-8835-411D-A763-A1FC7CD84F95}.Debug|Any CPU.Build.0 = Debug|Any CPU
		{7FD1B664-8835-411D-A763-A1FC7CD84F95}.Release|Any CPU.ActiveCfg = Release|Any CPU
		{7FD1B664-8835-411D-A763-A1FC7CD84F95}.Release|Any CPU.Build.0 = Release|Any CPU
		{922E0192-DBF0-4E49-B53F-82451CDDD827}.Debug|Any CPU.ActiveCfg = Debug|Any CPU
		{922E0192-DBF0-4E49-B53F-82451CDDD827}.Debug|Any CPU.Build.0 = Debug|Any CPU
		{922E0192-DBF0-4E49-B53F-82451CDDD827}.Release|Any CPU.ActiveCfg = Release|Any CPU
		{922E0192-DBF0-4E49-B53F-82451CDDD827}.Release|Any CPU.Build.0 = Release|Any CPU
		{FC123E7E-AA3E-438A-84BE-FF6A02B0D171}.Debug|Any CPU.ActiveCfg = Debug|Any CPU
		{FC123E7E-AA3E-438A-84BE-FF6A02B0D171}.Debug|Any CPU.Build.0 = Debug|Any CPU
		{FC123E7E-AA3E-438A-84BE-FF6A02B0D171}.Release|Any CPU.ActiveCfg = Release|Any CPU
		{FC123E7E-AA3E-438A-84BE-FF6A02B0D171}.Release|Any CPU.Build.0 = Release|Any CPU
		{69D245F2-846D-4963-B521-165C06A13C71}.Debug|Any CPU.ActiveCfg = Debug|Any CPU
		{69D245F2-846D-4963-B521-165C06A13C71}.Debug|Any CPU.Build.0 = Debug|Any CPU
		{69D245F2-846D-4963-B521-165C06A13C71}.Release|Any CPU.ActiveCfg = Release|Any CPU
		{69D245F2-846D-4963-B521-165C06A13C71}.Release|Any CPU.Build.0 = Release|Any CPU
		{948B4729-D273-4B8E-BA16-33BA6E58EE38}.Debug|Any CPU.ActiveCfg = Debug|Any CPU
		{948B4729-D273-4B8E-BA16-33BA6E58EE38}.Debug|Any CPU.Build.0 = Debug|Any CPU
		{948B4729-D273-4B8E-BA16-33BA6E58EE38}.Release|Any CPU.ActiveCfg = Release|Any CPU
		{948B4729-D273-4B8E-BA16-33BA6E58EE38}.Release|Any CPU.Build.0 = Release|Any CPU
	EndGlobalSection
	GlobalSection(SolutionProperties) = preSolution
		HideSolutionNode = FALSE
	EndGlobalSection
	GlobalSection(NestedProjects) = preSolution
		{8AF81A43-F6C6-4D2A-9F7C-0C592DBBE41B} = {AAE746B1-FF6A-46A6-84F5-B1EF8836453E}
		{AECF260B-F3F3-414C-A60A-2988FCD628C7} = {AAE746B1-FF6A-46A6-84F5-B1EF8836453E}
		{5F652BD8-69B5-41EB-A9ED-E397BCFBA173} = {AAE746B1-FF6A-46A6-84F5-B1EF8836453E}
		{BD85123B-0980-48C7-8A96-BD1DAAE329C7} = {AAE746B1-FF6A-46A6-84F5-B1EF8836453E}
		{80136CE9-3A57-4013-966E-C048F3012800} = {0870AFA8-1B1E-4F33-B854-D51210BDFB4A}
		{08811065-CD36-45E5-81E2-2D2CA62D5F56} = {0870AFA8-1B1E-4F33-B854-D51210BDFB4A}
		{C19E0110-3AB7-4F1B-9D10-7C22AB7C0CF0} = {0870AFA8-1B1E-4F33-B854-D51210BDFB4A}
		{C9482A96-6042-46BA-BC56-E2B53F58F17B} = {0870AFA8-1B1E-4F33-B854-D51210BDFB4A}
		{BBF880F9-7AAC-4397-A6A0-C80CEF030EB7} = {994D18F4-E97C-42EB-9156-16CD42D47856}
		{A5970E9F-0DAB-4C5B-9DF3-6FBA76630C14} = {83FA2A3F-DB18-4406-AEB9-1A1FF798A9ED}
		{7702DF41-9713-4857-9205-E7637CEE3194} = {83FA2A3F-DB18-4406-AEB9-1A1FF798A9ED}
		{45B223DD-C7DB-4A14-B479-233BB2A174CE} = {83FA2A3F-DB18-4406-AEB9-1A1FF798A9ED}
		{318632E8-AC86-4AA2-9C0B-262ACBFFE735} = {83FA2A3F-DB18-4406-AEB9-1A1FF798A9ED}
		{5CBCB066-2A3E-49C8-AA35-DBF442A3D5D8} = {83FA2A3F-DB18-4406-AEB9-1A1FF798A9ED}
		{7FD1B664-8835-411D-A763-A1FC7CD84F95} = {704C10FE-12FB-409E-810C-C3EECF008C8F}
		{922E0192-DBF0-4E49-B53F-82451CDDD827} = {704C10FE-12FB-409E-810C-C3EECF008C8F}
		{FC123E7E-AA3E-438A-84BE-FF6A02B0D171} = {704C10FE-12FB-409E-810C-C3EECF008C8F}
		{69D245F2-846D-4963-B521-165C06A13C71} = {704C10FE-12FB-409E-810C-C3EECF008C8F}
		{948B4729-D273-4B8E-BA16-33BA6E58EE38} = {704C10FE-12FB-409E-810C-C3EECF008C8F}
	EndGlobalSection
	GlobalSection(ExtensibilityGlobals) = postSolution
		SolutionGuid = {9E253078-F04C-424B-A269-2B30CC2CA1AF}
	EndGlobalSection
EndGlobal
